[{"path":"internal/archive/mitre_seed_gen.go","sha256":"b1f57007b4449ef21b1c2ccadf57536b96ce99783d655de4a029ad1b9d13b1f7"},{"path":"internal/plugins/sca/policies_gen.go","sha256":"05fc0322966b4527bd205b59f1bc5c3fa27b0b7823319a2f9335bd48d81f3b5d"},{"path":"internal/siem/wazuh_decoders_gen.go","sha256":"111b3cf30a9c588d33d9010d4790c18b7deaf2632c3d4d8ed67841b0b7515ab5"},{"path":"internal/siem/wazuh_lists_gen.go","sha256":"deaff6265f961c17570336b3268af34aee50a29090831309853d7012f364c4dd"},{"path":"internal/siem/wazuh_rules_gen.go","sha256":"c15bfe215083fbfeb57b41a1950515c0b0ae799e972152e6cfde231d69988c58"},{"path":"internal/sift/rootkit_gen.go","sha256":"75b77dc2286c0118034e68b6f5a16345f726b729be07caedb1b023340835377e"}]
